// !$*UTF8*$!
{
	archiveVersion = 1;
	classes = {
	};
	objectVersion = 46;
	objects = {

/* Begin PBXBuildFile section */
		289AEBAC1C61B7C300F99F65 /* AppDelegate.swift in Sources */ = {isa = PBXBuildFile; fileRef = 289AEBAB1C61B7C300F99F65 /* AppDelegate.swift */; };
		289AEBAE1C61B7C300F99F65 /* MainViewController.swift in Sources */ = {isa = PBXBuildFile; fileRef = 289AEBAD1C61B7C300F99F65 /* MainViewController.swift */; };
		289AEBB11C61B7C300F99F65 /* Main.storyboard in Resources */ = {isa = PBXBuildFile; fileRef = 289AEBAF1C61B7C300F99F65 /* Main.storyboard */; };
		289AEBB31C61B7C300F99F65 /* Assets.xcassets in Resources */ = {isa = PBXBuildFile; fileRef = 289AEBB21C61B7C300F99F65 /* Assets.xcassets */; };
		289AEBB61C61B7C300F99F65 /* LaunchScreen.storyboard in Resources */ = {isa = PBXBuildFile; fileRef = 289AEBB41C61B7C300F99F65 /* LaunchScreen.storyboard */; };
/* End PBXBuildFile section */

/* Begin PBXFileReference section */
		289AEBA81C61B7C300F99F65 /* Zappulator.app */ = {isa = PBXFileReference; explicitFileType = wrapper.application; includeInIndex = 0; path = Zappulator.app; sourceTree = BUILT_PRODUCTS_DIR; };
		289AEBAB1C61B7C300F99F65 /* AppDelegate.swift */ = {isa = PBXFileReference; lastKnownFileType = sourcecode.swift; path = AppDelegate.swift; sourceTree = "<group>"; };
		289AEBAD1C61B7C300F99F65 /* MainViewController.swift */ = {isa = PBXFileReference; lastKnownFileType = sourcecode.swift; path = MainViewController.swift; sourceTree = "<group>"; };
		289AEBB01C61B7C300F99F65 /* Base */ = {isa = PBXFileReference; lastKnownFileType = file.storyboard; name = Base; path = Base.lproj/Main.storyboard; sourceTree = "<group>"; };
		289AEBB21C61B7C300F99F65 /* Assets.xcassets */ = {isa = PBXFileReference; lastKnownFileType = folder.assetcatalog; path = Assets.xcassets; sourceTree = "<group>"; };
		289AEBB51C61B7C300F99F65 /* Base */ = {isa = PBXFileReference; lastKnownFileType = file.storyboard; name = Base; path = Base.lproj/LaunchScreen.storyboard; sourceTree = "<group>"; };
		289AEBB71C61B7C300F99F65 /* Info.plist */ = {isa = PBXFileReference; lastKnownFileType = text.plist.xml; path = Info.plist; sourceTree = "<group>"; };
/* End PBXFileReference section */

/* Begin PBXFrameworksBuildPhase section */
		289AEBA51C61B7C300F99F65 /* Frameworks */ = {
			isa = PBXFrameworksBuildPhase;
			buildActionMask = 2147483647;
			files = (
			);
			runOnlyForDeploymentPostprocessing = 0;
		};
/* End PBXFrameworksBuildPhase section */

/* Begin PBXGroup section */
		289AEB9F1C61B7C300F99F65 = {
			isa = PBXGroup;
			children = (
				289AEBAA1C61B7C300F99F65 /* Zappulator */,
				289AEBA91C61B7C300F99F65 /* Products */,
			);
			sourceTree = "<group>";
		};
		289AEBA91C61B7C300F99F65 /* Products */ = {
			isa = PBXGroup;
			children = (
				289AEBA81C61B7C300F99F65 /* Zappulator.app */,
			);
			name = Products;
			sourceTree = "<group>";
		};
		289AEBAA1C61B7C300F99F65 /* Zappulator */ = {
			isa = PBXGroup;
			children = (
				289AEBAB1C61B7C300F99F65 /* AppDelegate.swift */,
				289AEBAD1C61B7C300F99F65 /* MainViewController.swift */,
				289AEBAF1C61B7C300F99F65 /* Main.storyboard */,
				289AEBB21C61B7C300F99F65 /* Assets.xcassets */,
				289AEBB41C61B7C300F99F65 /* LaunchScreen.storyboard */,
				289AEBB71C61B7C300F99F65 /* Info.plist */,
			);
			path = Zappulator;
			sourceTree = "<group>";
		};
/* End PBXGroup section */

/* Begin PBXNativeTarget section */
		289AEBA71C61B7C300F99F65 /* Zappulator */ = {
			isa = PBXNativeTarget;
			buildConfigurationList = 289AEBBA1C61B7C300F99F65 /* Build configuration list for PBXNativeTarget "Zappulator" */;
			buildPhases = (
				289AEBA41C61B7C300F99F65 /* Sources */,
				289AEBA51C61B7C300F99F65 /* Frameworks */,
				289AEBA61C61B7C300F99F65 /* Resources */,
			);
			buildRules = (
			);
			dependencies = (
			);
			name = Zappulator;
			productName = Zappulator;
			productReference = 289AEBA81C61B7C300F99F65 /* Zappulator.app */;
			productType = "com.apple.product-type.application";
		};
/* End PBXNativeTarget section */

/* Begin PBXProject section */
		289AEBA01C61B7C300F99F65 /* Project object */ = {
			isa = PBXProject;
			attributes = {
				LastSwiftUpdateCheck = 0720;
				LastUpgradeCheck = 0720;
				ORGANIZATIONNAME = "Aleksander Skjoelsvik";
				TargetAttributes = {
					289AEBA71C61B7C300F99F65 = {
						CreatedOnToolsVersion = 7.2;
						DevelopmentTeam = W96SY39A42;
					};
				};
			};
			buildConfigurationList = 289AEBA31C61B7C300F99F65 /* Build configuration list for PBXProject "Zappulator" */;
			compatibilityVersion = "Xcode 3.2";
			developmentRegion = English;
			hasScannedForEncodings = 0;
			knownRegions = (
				en,
				Base,
			);
			mainGroup = 289AEB9F1C61B7C300F99F65;
			productRefGroup = 289AEBA91C61B7C300F99F65 /* Products */;
			projectDirPath = "";
			projectRoot = "";
			targets = (
				289AEBA71C61B7C300F99F65 /* Zappulator */,
			);
		};
/* End PBXProject section */

/* Begin PBXResourcesBuildPhase section */
		289AEBA61C61B7C300F99F65 /* Resources */ = {
			isa = PBXResourcesBuildPhase;
			buildActionMask = 2147483647;
			files = (
				289AEBB61C61B7C300F99F65 /* LaunchScreen.storyboard in Resources */,
				289AEBB31C61B7C300F99F65 /* Assets.xcassets in Resources */,
				289AEBB11C61B7C300F99F65 /* Main.storyboard in Resources */,
			);
			runOnlyForDeploymentPostprocessing = 0;
		};
/* End PBXResourcesBuildPhase section */

/* Begin PBXSourcesBuildPhase section */
		289AEBA41C61B7C300F99F65 /* Sources */ = {
			isa = PBXSourcesBuildPhase;
			buildActionMask = 2147483647;
			files = (
				289AEBAE1C61B7C300F99F65 /* MainViewController.swift in Sources */,
				289AEBAC1C61B7C300F99F65 /* AppDelegate.swift in Sources */,
			);
			runOnlyForDeploymentPostprocessing = 0;
		};
/* End PBXSourcesBuildPhase section */

/* Begin PBXVariantGroup section */
		289AEBAF1C61B7C300F99F65 /* Main.storyboard */ = {
			isa = PBXVariantGroup;
			children = (
				289AEBB01C61B7C300F99F65 /* Base */,
			);
			name = Main.storyboard;
			sourceTree = "<group>";
		};
		289AEBB41C61B7C300F99F65 /* LaunchScreen.storyboard */ = {
			isa = PBXVariantGroup;
			children = (
				289AEBB51C61B7C300F99F65 /* Base */,
			);
			name = LaunchScreen.storyboard;
			sourceTree = "<group>";
		};
/* End PBXVariantGroup section */

/* Begin XCBuildConfiguration section */
		289AEBB81C61B7C300F99F65 /* Debug */ = {
			isa = XCBuildConfiguration;
			buildSettings = {
				ALWAYS_SEARCH_USER_PATHS = NO;
				CLANG_CXX_LANGUAGE_STANDARD = "gnu++0x";
				CLANG_CXX_LIBRARY = "libc++";
				CLANG_ENABLE_MODULES = YES;
				CLANG_ENABLE_OBJC_ARC = YES;
				CLANG_WARN_BOOL_CONVERSION = YES;
				CLANG_WARN_CONSTANT_CONVERSION = YES;
				CLANG_WARN_DIRECT_OBJC_ISA_USAGE = YES_ERROR;
				CLANG_WARN_EMPTY_BODY = YES;
				CLANG_WARN_ENUM_CONVERSION = YES;
				CLANG_WARN_INT_CONVERSION = YES;
				CLANG_WARN_OBJC_ROOT_CLASS = YES_ERROR;
				CLANG_WARN_UNREACHABLE_CODE = YES;
				CLANG_WARN__DUPLICATE_METHOD_MATCH = YES;
				"CODE_SIGN_IDENTITY[sdk=iphoneos*]" = "iPhone Developer";
				COPY_PHASE_STRIP = NO;
				DEBUG_INFORMATION_FORMAT = dwarf;
				ENABLE_STRICT_OBJC_MSGSEND = YES;
				ENABLE_TESTABILITY = YES;
				GCC_C_LANGUAGE_STANDARD = gnu99;
				GCC_DYNAMIC_NO_PIC = NO;
				GCC_NO_COMMON_BLOCKS = YES;
				GCC_OPTIMIZATION_LEVEL = 0;
				GCC_PREPROCESSOR_DEFINITIONS = (
					"DEBUG=1",
					"$(inherited)",
				);
				GCC_WARN_64_TO_32_BIT_CONVERSION = YES;
				GCC_WARN_ABOUT_RETURN_TYPE = YES_ERROR;
				GCC_WARN_UNDECLARED_SELECTOR = YES;
				GCC_WARN_UNINITIALIZED_AUTOS = YES_AGGRESSIVE;
				GCC_WARN_UNUSED_FUNCTION = YES;
				GCC_WARN_UNUSED_VARIABLE = YES;
				IPHONEOS_DEPLOYMENT_TARGET = 9.2;
				MTL_ENABLE_DEBUG_INFO = YES;
				ONLY_ACTIVE_ARCH = YES;
				SDKROOT = iphoneos;
				SWIFT_OPTIMIZATION_LEVEL = "-Onone";
			};
			name = Debug;
		};
		289AEBB91C61B7C300F99F65 /* Release */ = {
			isa = XCBuildConfiguration;
			buildSettings = {
				ALWAYS_SEARCH_USER_PATHS = NO;
				CLANG_CXX_LANGUAGE_STANDARD = "gnu++0x";
				CLANG_CXX_LIBRARY = "libc++";
				CLANG_ENABLE_MODULES = YES;
				CLANG_ENABLE_OBJC_ARC = YES;
				CLANG_WARN_BOOL_CONVERSION = YES;
				CLANG_WARN_CONSTANT_CONVERSION = YES;
				CLANG_WARN_DIRECT_OBJC_ISA_USAGE = YES_ERROR;
				CLANG_WARN_EMPTY_BODY = YES;
				CLANG_WARN_ENUM_CONVERSION = YES;
				CLANG_WARN_INT_CONVERSION = YES;
				CLANG_WARN_OBJC_ROOT_CLASS = YES_ERROR;
				CLANG_WARN_UNREACHABLE_CODE = YES;
				CLANG_WARN__DUPLICATE_METHOD_MATCH = YES;
				"CODE_SIGN_IDENTITY[sdk=iphoneos*]" = "iPhone Developer";
				COPY_PHASE_STRIP = NO;
				DEBUG_INFORMATION_FORMAT = "dwarf-with-dsym";
				ENABLE_NS_ASSERTIONS = NO;
				ENABLE_STRICT_OBJC_MSGSEND = YES;
				GCC_C_LANGUAGE_STANDARD = gnu99;
				GCC_NO_COMMON_BLOCKS = YES;
				GCC_WARN_64_TO_32_BIT_CONVERSION = YES;
				GCC_WARN_ABOUT_RETURN_TYPE = YES_ERROR;
				GCC_WARN_UNDECLARED_SELECTOR = YES;
				GCC_WARN_UNINITIALIZED_AUTOS = YES_AGGRESSIVE;
				GCC_WARN_UNUSED_FUNCTION = YES;
				GCC_WARN_UNUSED_VARIABLE = YES;
				IPHONEOS_DEPLOYMENT_TARGET = 9.2;
				MTL_ENABLE_DEBUG_INFO = NO;
				SDKROOT = iphoneos;
				VALIDATE_PRODUCT = YES;
			};
			name = Release;
		};
		289AEBBB1C61B7C300F99F65 /* Debug */ = {
			isa = XCBuildConfiguration;
			buildSettings = {
				ASSETCATALOG_COMPILER_APPICON_NAME = AppIcon;
				CODE_SIGN_IDENTITY = "iPhone Developer";
				INFOPLIST_FILE = Zappulator/Info.plist;
				LD_RUNPATH_SEARCH_PATHS = "$(inherited) @executable_path/Frameworks";
				PRODUCT_BUNDLE_IDENTIFIER = me.aleksanders.Zappulator;
				PRODUCT_NAME = "$(TARGET_NAME)";
			};
			name = Debug;
		};
		289AEBBC1C61B7C300F99F65 /* Release */ = {
			isa = XCBuildConfiguration;
			buildSettings = {
				ASSETCATALOG_COMPILER_APPICON_NAME = AppIcon;
				CODE_SIGN_IDENTITY = "iPhone Developer";
				INFOPLIST_FILE = Zappulator/Info.plist;
				LD_RUNPATH_SEARCH_PATHS = "$(inherited) @executable_path/Frameworks";
				PRODUCT_BUNDLE_IDENTIFIER = me.aleksanders.Zappulator;
				PRODUCT_NAME = "$(TARGET_NAME)";
			};
			name = Release;
		};
/* End XCBuildConfiguration section */

/* Begin XCConfigurationList section */
		289AEBA31C61B7C300F99F65 /* Build configuration list for PBXProject "Zappulator" */ = {
			isa = XCConfigurationList;
			buildConfigurations = (
				289AEBB81C61B7C300F99F65 /* Debug */,
				289AEBB91C61B7C300F99F65 /* Release */,
			);
			defaultConfigurationIsVisible = 0;
			defaultConfigurationName = Release;
		};
		289AEBBA1C61B7C300F99F65 /* Build configuration list for PBXNativeTarget "Zappulator" */ = {
			isa = XCConfigurationList;
			buildConfigurations = (
				289AEBBB1C61B7C300F99F65 /* Debug */,
				289AEBBC1C61B7C300F99F65 /* Release */,
			);
			defaultConfigurationIsVisible = 0;
			defaultConfigurationName = Release;
		};
/* End XCConfigurationList section */
	};
	rootObject = 289AEBA01C61B7C300F99F65 /* Project object */;
}
